// !$*UTF8*$!
{
	archiveVersion = 1;
	classes = {
	};
	objectVersion = 46;
	objects = {

/* Begin PBXBuildFile section */
		1F71E14C1A41669F00F36E3D /* Foundation.framework in Frameworks */ = {isa = PBXBuildFile; fileRef = 1F71E14B1A41669F00F36E3D /* Foundation.framework */; };
		1F71E14E1A41669F00F36E3D /* CoreGraphics.framework in Frameworks */ = {isa = PBXBuildFile; fileRef = 1F71E14D1A41669F00F36E3D /* CoreGraphics.framework */; };
		1F71E1501A41669F00F36E3D /* UIKit.framework in Frameworks */ = {isa = PBXBuildFile; fileRef = 1F71E14F1A41669F00F36E3D /* UIKit.framework */; };
		1F71E1561A41669F00F36E3D /* InfoPlist.strings in Resources */ = {isa = PBXBuildFile; fileRef = 1F71E1541A41669F00F36E3D /* InfoPlist.strings */; };
		1F71E1581A41669F00F36E3D /* main.m in Sources */ = {isa = PBXBuildFile; fileRef = 1F71E1571A41669F00F36E3D /* main.m */; };
		1F71E15C1A41669F00F36E3D /* BIDAppDelegate.m in Sources */ = {isa = PBXBuildFile; fileRef = 1F71E15B1A41669F00F36E3D /* BIDAppDelegate.m */; };
		1F71E15F1A41669F00F36E3D /* Main.storyboard in Resources */ = {isa = PBXBuildFile; fileRef = 1F71E15D1A41669F00F36E3D /* Main.storyboard */; };
		1F71E1621A41669F00F36E3D /* BIDViewController.m in Sources */ = {isa = PBXBuildFile; fileRef = 1F71E1611A41669F00F36E3D /* BIDViewController.m */; };
		1F71E1641A41669F00F36E3D /* Images.xcassets in Resources */ = {isa = PBXBuildFile; fileRef = 1F71E1631A41669F00F36E3D /* Images.xcassets */; };
		1F71E16B1A41669F00F36E3D /* XCTest.framework in Frameworks */ = {isa = PBXBuildFile; fileRef = 1F71E16A1A41669F00F36E3D /* XCTest.framework */; };
		1F71E16C1A41669F00F36E3D /* Foundation.framework in Frameworks */ = {isa = PBXBuildFile; fileRef = 1F71E14B1A41669F00F36E3D /* Foundation.framework */; };
		1F71E16D1A41669F00F36E3D /* UIKit.framework in Frameworks */ = {isa = PBXBuildFile; fileRef = 1F71E14F1A41669F00F36E3D /* UIKit.framework */; };
		1F71E1751A41669F00F36E3D /* InfoPlist.strings in Resources */ = {isa = PBXBuildFile; fileRef = 1F71E1731A41669F00F36E3D /* InfoPlist.strings */; };
		1F71E1771A41669F00F36E3D /* ChangeColorTests.m in Sources */ = {isa = PBXBuildFile; fileRef = 1F71E1761A41669F00F36E3D /* ChangeColorTests.m */; };
/* End PBXBuildFile section */

/* Begin PBXContainerItemProxy section */
		1F71E16E1A41669F00F36E3D /* PBXContainerItemProxy */ = {
			isa = PBXContainerItemProxy;
			containerPortal = 1F71E1401A41669F00F36E3D /* Project object */;
			proxyType = 1;
			remoteGlobalIDString = 1F71E1471A41669F00F36E3D;
			remoteInfo = ChangeColor;
		};
/* End PBXContainerItemProxy section */

/* Begin PBXFileReference section */
		1F71E1481A41669F00F36E3D /* ChangeColor.app */ = {isa = PBXFileReference; explicitFileType = wrapper.application; includeInIndex = 0; path = ChangeColor.app; sourceTree = BUILT_PRODUCTS_DIR; };
		1F71E14B1A41669F00F36E3D /* Foundation.framework */ = {isa = PBXFileReference; lastKnownFileType = wrapper.framework; name = Foundation.framework; path = System/Library/Frameworks/Foundation.framework; sourceTree = SDKROOT; };
		1F71E14D1A41669F00F36E3D /* CoreGraphics.framework */ = {isa = PBXFileReference; lastKnownFileType = wrapper.framework; name = CoreGraphics.framework; path = System/Library/Frameworks/CoreGraphics.framework; sourceTree = SDKROOT; };
		1F71E14F1A41669F00F36E3D /* UIKit.framework */ = {isa = PBXFileReference; lastKnownFileType = wrapper.framework; name = UIKit.framework; path = System/Library/Frameworks/UIKit.framework; sourceTree = SDKROOT; };
		1F71E1531A41669F00F36E3D /* ChangeColor-Info.plist */ = {isa = PBXFileReference; lastKnownFileType = text.plist.xml; path = "ChangeColor-Info.plist"; sourceTree = "<group>"; };
		1F71E1551A41669F00F36E3D /* en */ = {isa = PBXFileReference; lastKnownFileType = text.plist.strings; name = en; path = en.lproj/InfoPlist.strings; sourceTree = "<group>"; };
		1F71E1571A41669F00F36E3D /* main.m */ = {isa = PBXFileReference; lastKnownFileType = sourcecode.c.objc; path = main.m; sourceTree = "<group>"; };
		1F71E1591A41669F00F36E3D /* ChangeColor-Prefix.pch */ = {isa = PBXFileReference; lastKnownFileType = sourcecode.c.h; path = "ChangeColor-Prefix.pch"; sourceTree = "<group>"; };
		1F71E15A1A41669F00F36E3D /* BIDAppDelegate.h */ = {isa = PBXFileReference; lastKnownFileType = sourcecode.c.h; path = BIDAppDelegate.h; sourceTree = "<group>"; };
		1F71E15B1A41669F00F36E3D /* BIDAppDelegate.m */ = {isa = PBXFileReference; lastKnownFileType = sourcecode.c.objc; path = BIDAppDelegate.m; sourceTree = "<group>"; };
		1F71E15E1A41669F00F36E3D /* Base */ = {isa = PBXFileReference; lastKnownFileType = file.storyboard; name = Base; path = Base.lproj/Main.storyboard; sourceTree = "<group>"; };
		1F71E1601A41669F00F36E3D /* BIDViewController.h */ = {isa = PBXFileReference; lastKnownFileType = sourcecode.c.h; path = BIDViewController.h; sourceTree = "<group>"; };
		1F71E1611A41669F00F36E3D /* BIDViewController.m */ = {isa = PBXFileReference; lastKnownFileType = sourcecode.c.objc; path = BIDViewController.m; sourceTree = "<group>"; };
		1F71E1631A41669F00F36E3D /* Images.xcassets */ = {isa = PBXFileReference; lastKnownFileType = folder.assetcatalog; path = Images.xcassets; sourceTree = "<group>"; };
		1F71E1691A41669F00F36E3D /* ChangeColorTests.xctest */ = {isa = PBXFileReference; explicitFileType = wrapper.cfbundle; includeInIndex = 0; path = ChangeColorTests.xctest; sourceTree = BUILT_PRODUCTS_DIR; };
		1F71E16A1A41669F00F36E3D /* XCTest.framework */ = {isa = PBXFileReference; lastKnownFileType = wrapper.framework; name = XCTest.framework; path = Library/Frameworks/XCTest.framework; sourceTree = DEVELOPER_DIR; };
		1F71E1721A41669F00F36E3D /* ChangeColorTests-Info.plist */ = {isa = PBXFileReference; lastKnownFileType = text.plist.xml; path = "ChangeColorTests-Info.plist"; sourceTree = "<group>"; };
		1F71E1741A41669F00F36E3D /* en */ = {isa = PBXFileReference; lastKnownFileType = text.plist.strings; name = en; path = en.lproj/InfoPlist.strings; sourceTree = "<group>"; };
		1F71E1761A41669F00F36E3D /* ChangeColorTests.m */ = {isa = PBXFileReference; lastKnownFileType = sourcecode.c.objc; path = ChangeColorTests.m; sourceTree = "<group>"; };
/* End PBXFileReference section */

/* Begin PBXFrameworksBuildPhase section */
		1F71E1451A41669F00F36E3D /* Frameworks */ = {
			isa = PBXFrameworksBuildPhase;
			buildActionMask = 2147483647;
			files = (
				1F71E14E1A41669F00F36E3D /* CoreGraphics.framework in Frameworks */,
				1F71E1501A41669F00F36E3D /* UIKit.framework in Frameworks */,
				1F71E14C1A41669F00F36E3D /* Foundation.framework in Frameworks */,
			);
			runOnlyForDeploymentPostprocessing = 0;
		};
		1F71E1661A41669F00F36E3D /* Frameworks */ = {
			isa = PBXFrameworksBuildPhase;
			buildActionMask = 2147483647;
			files = (
				1F71E16B1A41669F00F36E3D /* XCTest.framework in Frameworks */,
				1F71E16D1A41669F00F36E3D /* UIKit.framework in Frameworks */,
				1F71E16C1A41669F00F36E3D /* Foundation.framework in Frameworks */,
			);
			runOnlyForDeploymentPostprocessing = 0;
		};
/* End PBXFrameworksBuildPhase section */

/* Begin PBXGroup section */
		1F71E13F1A41669F00F36E3D = {
			isa = PBXGroup;
			children = (
				1F71E1511A41669F00F36E3D /* ChangeColor */,
				1F71E1701A41669F00F36E3D /* ChangeColorTests */,
				1F71E14A1A41669F00F36E3D /* Frameworks */,
				1F71E1491A41669F00F36E3D /* Products */,
			);
			sourceTree = "<group>";
		};
		1F71E1491A41669F00F36E3D /* Products */ = {
			isa = PBXGroup;
			children = (
				1F71E1481A41669F00F36E3D /* ChangeColor.app */,
				1F71E1691A41669F00F36E3D /* ChangeColorTests.xctest */,
			);
			name = Products;
			sourceTree = "<group>";
		};
		1F71E14A1A41669F00F36E3D /* Frameworks */ = {
			isa = PBXGroup;
			children = (
				1F71E14B1A41669F00F36E3D /* Foundation.framework */,
				1F71E14D1A41669F00F36E3D /* CoreGraphics.framework */,
				1F71E14F1A41669F00F36E3D /* UIKit.framework */,
				1F71E16A1A41669F00F36E3D /* XCTest.framework */,
			);
			name = Frameworks;
			sourceTree = "<group>";
		};
		1F71E1511A41669F00F36E3D /* ChangeColor */ = {
			isa = PBXGroup;
			children = (
				1F71E15A1A41669F00F36E3D /* BIDAppDelegate.h */,
				1F71E15B1A41669F00F36E3D /* BIDAppDelegate.m */,
				1F71E15D1A41669F00F36E3D /* Main.storyboard */,
				1F71E1601A41669F00F36E3D /* BIDViewController.h */,
				1F71E1611A41669F00F36E3D /* BIDViewController.m */,
				1F71E1631A41669F00F36E3D /* Images.xcassets */,
				1F71E1521A41669F00F36E3D /* Supporting Files */,
			);
			path = ChangeColor;
			sourceTree = "<group>";
		};
		1F71E1521A41669F00F36E3D /* Supporting Files */ = {
			isa = PBXGroup;
			children = (
				1F71E1531A41669F00F36E3D /* ChangeColor-Info.plist */,
				1F71E1541A41669F00F36E3D /* InfoPlist.strings */,
				1F71E1571A41669F00F36E3D /* main.m */,
				1F71E1591A41669F00F36E3D /* ChangeColor-Prefix.pch */,
			);
			name = "Supporting Files";
			sourceTree = "<group>";
		};
		1F71E1701A41669F00F36E3D /* ChangeColorTests */ = {
			isa = PBXGroup;
			children = (
				1F71E1761A41669F00F36E3D /* ChangeColorTests.m */,
				1F71E1711A41669F00F36E3D /* Supporting Files */,
			);
			path = ChangeColorTests;
			sourceTree = "<group>";
		};
		1F71E1711A41669F00F36E3D /* Supporting Files */ = {
			isa = PBXGroup;
			children = (
				1F71E1721A41669F00F36E3D /* ChangeColorTests-Info.plist */,
				1F71E1731A41669F00F36E3D /* InfoPlist.strings */,
			);
			name = "Supporting Files";
			sourceTree = "<group>";
		};
/* End PBXGroup section */

/* Begin PBXNativeTarget section */
		1F71E1471A41669F00F36E3D /* ChangeColor */ = {
			isa = PBXNativeTarget;
			buildConfigurationList = 1F71E17A1A41669F00F36E3D /* Build configuration list for PBXNativeTarget "ChangeColor" */;
			buildPhases = (
				1F71E1441A41669F00F36E3D /* Sources */,
				1F71E1451A41669F00F36E3D /* Frameworks */,
				1F71E1461A41669F00F36E3D /* Resources */,
			);
			buildRules = (
			);
			dependencies = (
			);
			name = ChangeColor;
			productName = ChangeColor;
			productReference = 1F71E1481A41669F00F36E3D /* ChangeColor.app */;
			productType = "com.apple.product-type.application";
		};
		1F71E1681A41669F00F36E3D /* ChangeColorTests */ = {
			isa = PBXNativeTarget;
			buildConfigurationList = 1F71E17D1A41669F00F36E3D /* Build configuration list for PBXNativeTarget "ChangeColorTests" */;
			buildPhases = (
				1F71E1651A41669F00F36E3D /* Sources */,
				1F71E1661A41669F00F36E3D /* Frameworks */,
				1F71E1671A41669F00F36E3D /* Resources */,
			);
			buildRules = (
			);
			dependencies = (
				1F71E16F1A41669F00F36E3D /* PBXTargetDependency */,
			);
			name = ChangeColorTests;
			productName = ChangeColorTests;
			productReference = 1F71E1691A41669F00F36E3D /* ChangeColorTests.xctest */;
			productType = "com.apple.product-type.bundle.unit-test";
		};
/* End PBXNativeTarget section */

/* Begin PBXProject section */
		1F71E1401A41669F00F36E3D /* Project object */ = {
			isa = PBXProject;
			attributes = {
				CLASSPREFIX = BID;
				LastUpgradeCheck = 0510;
				ORGANIZATIONNAME = BY;
				TargetAttributes = {
					1F71E1681A41669F00F36E3D = {
						TestTargetID = 1F71E1471A41669F00F36E3D;
					};
				};
			};
			buildConfigurationList = 1F71E1431A41669F00F36E3D /* Build configuration list for PBXProject "ChangeColor" */;
			compatibilityVersion = "Xcode 3.2";
			developmentRegion = English;
			hasScannedForEncodings = 0;
			knownRegions = (
				en,
				Base,
			);
			mainGroup = 1F71E13F1A41669F00F36E3D;
			productRefGroup = 1F71E1491A41669F00F36E3D /* Products */;
			projectDirPath = "";
			projectRoot = "";
			targets = (
				1F71E1471A41669F00F36E3D /* ChangeColor */,
				1F71E1681A41669F00F36E3D /* ChangeColorTests */,
			);
		};
/* End PBXProject section */

/* Begin PBXResourcesBuildPhase section */
		1F71E1461A41669F00F36E3D /* Resources */ = {
			isa = PBXResourcesBuildPhase;
			buildActionMask = 2147483647;
			files = (
				1F71E1641A41669F00F36E3D /* Images.xcassets in Resources */,
				1F71E1561A41669F00F36E3D /* InfoPlist.strings in Resources */,
				1F71E15F1A41669F00F36E3D /* Main.storyboard in Resources */,
			);
			runOnlyForDeploymentPostprocessing = 0;
		};
		1F71E1671A41669F00F36E3D /* Resources */ = {
			isa = PBXResourcesBuildPhase;
			buildActionMask = 2147483647;
			files = (
				1F71E1751A41669F00F36E3D /* InfoPlist.strings in Resources */,
			);
			runOnlyForDeploymentPostprocessing = 0;
		};
/* End PBXResourcesBuildPhase section */

/* Begin PBXSourcesBuildPhase section */
		1F71E1441A41669F00F36E3D /* Sources */ = {
			isa = PBXSourcesBuildPhase;
			buildActionMask = 2147483647;
			files = (
				1F71E15C1A41669F00F36E3D /* BIDAppDelegate.m in Sources */,
				1F71E1621A41669F00F36E3D /* BIDViewController.m in Sources */,
				1F71E1581A41669F00F36E3D /* main.m in Sources */,
			);
			runOnlyForDeploymentPostprocessing = 0;
		};
		1F71E1651A41669F00F36E3D /* Sources */ = {
			isa = PBXSourcesBuildPhase;
			buildActionMask = 2147483647;
			files = (
				1F71E1771A41669F00F36E3D /* ChangeColorTests.m in Sources */,
			);
			runOnlyForDeploymentPostprocessing = 0;
		};
/* End PBXSourcesBuildPhase section */

/* Begin PBXTargetDependency section */
		1F71E16F1A41669F00F36E3D /* PBXTargetDependency */ = {
			isa = PBXTargetDependency;
			target = 1F71E1471A41669F00F36E3D /* ChangeColor */;
			targetProxy = 1F71E16E1A41669F00F36E3D /* PBXContainerItemProxy */;
		};
/* End PBXTargetDependency section */

/* Begin PBXVariantGroup section */
		1F71E1541A41669F00F36E3D /* InfoPlist.strings */ = {
			isa = PBXVariantGroup;
			children = (
				1F71E1551A41669F00F36E3D /* en */,
			);
			name = InfoPlist.strings;
			sourceTree = "<group>";
		};
		1F71E15D1A41669F00F36E3D /* Main.storyboard */ = {
			isa = PBXVariantGroup;
			children = (
				1F71E15E1A41669F00F36E3D /* Base */,
			);
			name = Main.storyboard;
			sourceTree = "<group>";
		};
		1F71E1731A41669F00F36E3D /* InfoPlist.strings */ = {
			isa = PBXVariantGroup;
			children = (
				1F71E1741A41669F00F36E3D /* en */,
			);
			name = InfoPlist.strings;
			sourceTree = "<group>";
		};
/* End PBXVariantGroup section */

/* Begin XCBuildConfiguration section */
		1F71E1781A41669F00F36E3D /* Debug */ = {
			isa = XCBuildConfiguration;
			buildSettings = {
				ALWAYS_SEARCH_USER_PATHS = NO;
				CLANG_CXX_LANGUAGE_STANDARD = "gnu++0x";
				CLANG_CXX_LIBRARY = "libc++";
				CLANG_ENABLE_MODULES = YES;
				CLANG_ENABLE_OBJC_ARC = YES;
				CLANG_WARN_BOOL_CONVERSION = YES;
				CLANG_WARN_CONSTANT_CONVERSION = YES;
				CLANG_WARN_DIRECT_OBJC_ISA_USAGE = YES_ERROR;
				CLANG_WARN_EMPTY_BODY = YES;
				CLANG_WARN_ENUM_CONVERSION = YES;
				CLANG_WARN_INT_CONVERSION = YES;
				CLANG_WARN_OBJC_ROOT_CLASS = YES_ERROR;
				CLANG_WARN__DUPLICATE_METHOD_MATCH = YES;
				"CODE_SIGN_IDENTITY[sdk=iphoneos*]" = "iPhone Developer";
				COPY_PHASE_STRIP = NO;
				GCC_C_LANGUAGE_STANDARD = gnu99;
				GCC_DYNAMIC_NO_PIC = NO;
				GCC_OPTIMIZATION_LEVEL = 0;
				GCC_PREPROCESSOR_DEFINITIONS = (
					"DEBUG=1",
					"$(inherited)",
				);
				GCC_SYMBOLS_PRIVATE_EXTERN = NO;
				GCC_WARN_64_TO_32_BIT_CONVERSION = YES;
				GCC_WARN_ABOUT_RETURN_TYPE = YES_ERROR;
				GCC_WARN_UNDECLARED_SELECTOR = YES;
				GCC_WARN_UNINITIALIZED_AUTOS = YES_AGGRESSIVE;
				GCC_WARN_UNUSED_FUNCTION = YES;
				GCC_WARN_UNUSED_VARIABLE = YES;
				IPHONEOS_DEPLOYMENT_TARGET = 7.1;
				ONLY_ACTIVE_ARCH = YES;
				SDKROOT = iphoneos;
			};
			name = Debug;
		};
		1F71E1791A41669F00F36E3D /* Release */ = {
			isa = XCBuildConfiguration;
			buildSettings = {
				ALWAYS_SEARCH_USER_PATHS = NO;
				CLANG_CXX_LANGUAGE_STANDARD = "gnu++0x";
				CLANG_CXX_LIBRARY = "libc++";
				CLANG_ENABLE_MODULES = YES;
				CLANG_ENABLE_OBJC_ARC = YES;
				CLANG_WARN_BOOL_CONVERSION = YES;
				CLANG_WARN_CONSTANT_CONVERSION = YES;
				CLANG_WARN_DIRECT_OBJC_ISA_USAGE = YES_ERROR;
				CLANG_WARN_EMPTY_BODY = YES;
				CLANG_WARN_ENUM_CONVERSION = YES;
				CLANG_WARN_INT_CONVERSION = YES;
				CLANG_WARN_OBJC_ROOT_CLASS = YES_ERROR;
				CLANG_WARN__DUPLICATE_METHOD_MATCH = YES;
				"CODE_SIGN_IDENTITY[sdk=iphoneos*]" = "iPhone Developer";
				COPY_PHASE_STRIP = YES;
				ENABLE_NS_ASSERTIONS = NO;
				GCC_C_LANGUAGE_STANDARD = gnu99;
				GCC_WARN_64_TO_32_BIT_CONVERSION = YES;
				GCC_WARN_ABOUT_RETURN_TYPE = YES_ERROR;
				GCC_WARN_UNDECLARED_SELECTOR = YES;
				GCC_WARN_UNINITIALIZED_AUTOS = YES_AGGRESSIVE;
				GCC_WARN_UNUSED_FUNCTION = YES;
				GCC_WARN_UNUSED_VARIABLE = YES;
				IPHONEOS_DEPLOYMENT_TARGET = 7.1;
				SDKROOT = iphoneos;
				VALIDATE_PRODUCT = YES;
			};
			name = Release;
		};
		1F71E17B1A41669F00F36E3D /* Debug */ = {
			isa = XCBuildConfiguration;
			buildSettings = {
				ASSETCATALOG_COMPILER_APPICON_NAME = AppIcon;
				ASSETCATALOG_COMPILER_LAUNCHIMAGE_NAME = LaunchImage;
				GCC_PRECOMPILE_PREFIX_HEADER = YES;
				GCC_PREFIX_HEADER = "ChangeColor/ChangeColor-Prefix.pch";
				INFOPLIST_FILE = "ChangeColor/ChangeColor-Info.plist";
				IPHONEOS_DEPLOYMENT_TARGET = 6.0;
				PRODUCT_NAME = "$(TARGET_NAME)";
				WRAPPER_EXTENSION = app;
			};
			name = Debug;
		};
		1F71E17C1A41669F00F36E3D /* Release */ = {
			isa = XCBuildConfiguration;
			buildSettings = {
				ASSETCATALOG_COMPILER_APPICON_NAME = AppIcon;
				ASSETCATALOG_COMPILER_LAUNCHIMAGE_NAME = LaunchImage;
				GCC_PRECOMPILE_PREFIX_HEADER = YES;
				GCC_PREFIX_HEADER = "ChangeColor/ChangeColor-Prefix.pch";
				INFOPLIST_FILE = "ChangeColor/ChangeColor-Info.plist";
				IPHONEOS_DEPLOYMENT_TARGET = 6.0;
				PRODUCT_NAME = "$(TARGET_NAME)";
				WRAPPER_EXTENSION = app;
			};
			name = Release;
		};
		1F71E17E1A41669F00F36E3D /* Debug */ = {
			isa = XCBuildConfiguration;
			buildSettings = {
				BUNDLE_LOADER = "$(BUILT_PRODUCTS_DIR)/ChangeColor.app/ChangeColor";
				FRAMEWORK_SEARCH_PATHS = (
					"$(SDKROOT)/Developer/Library/Frameworks",
					"$(inherited)",
					"$(DEVELOPER_FRAMEWORKS_DIR)",
				);
				GCC_PRECOMPILE_PREFIX_HEADER = YES;
				GCC_PREFIX_HEADER = "ChangeColor/ChangeColor-Prefix.pch";
				GCC_PREPROCESSOR_DEFINITIONS = (
					"DEBUG=1",
					"$(inherited)",
				);
				INFOPLIST_FILE = "ChangeColorTests/ChangeColorTests-Info.plist";
				PRODUCT_NAME = "$(TARGET_NAME)";
				TEST_HOST = "$(BUNDLE_LOADER)";
				WRAPPER_EXTENSION = xctest;
			};
			name = Debug;
		};
		1F71E17F1A41669F00F36E3D /* Release */ = {
			isa = XCBuildConfiguration;
			buildSettings = {
				BUNDLE_LOADER = "$(BUILT_PRODUCTS_DIR)/ChangeColor.app/ChangeColor";
				FRAMEWORK_SEARCH_PATHS = (
					"$(SDKROOT)/Developer/Library/Frameworks",
					"$(inherited)",
					"$(DEVELOPER_FRAMEWORKS_DIR)",
				);
				GCC_PRECOMPILE_PREFIX_HEADER = YES;
				GCC_PREFIX_HEADER = "ChangeColor/ChangeColor-Prefix.pch";
				INFOPLIST_FILE = "ChangeColorTests/ChangeColorTests-Info.plist";
				PRODUCT_NAME = "$(TARGET_NAME)";
				TEST_HOST = "$(BUNDLE_LOADER)";
				WRAPPER_EXTENSION = xctest;
			};
			name = Release;
		};
/* End XCBuildConfiguration section */

/* Begin XCConfigurationList section */
		1F71E1431A41669F00F36E3D /* Build configuration list for PBXProject "ChangeColor" */ = {
			isa = XCConfigurationList;
			buildConfigurations = (
				1F71E1781A41669F00F36E3D /* Debug */,
				1F71E1791A41669F00F36E3D /* Release */,
			);
			defaultConfigurationIsVisible = 0;
			defaultConfigurationName = Release;
		};
		1F71E17A1A41669F00F36E3D /* Build configuration list for PBXNativeTarget "ChangeColor" */ = {
			isa = XCConfigurationList;
			buildConfigurations = (
				1F71E17B1A41669F00F36E3D /* Debug */,
				1F71E17C1A41669F00F36E3D /* Release */,
			);
			defaultConfigurationIsVisible = 0;
		};
		1F71E17D1A41669F00F36E3D /* Build configuration list for PBXNativeTarget "ChangeColorTests" */ = {
			isa = XCConfigurationList;
			buildConfigurations = (
				1F71E17E1A41669F00F36E3D /* Debug */,
				1F71E17F1A41669F00F36E3D /* Release */,
			);
			defaultConfigurationIsVisible = 0;
		};
/* End XCConfigurationList section */
	};
	rootObject = 1F71E1401A41669F00F36E3D /* Project object */;
}
